
Microsoft Visual Studio Solution File, Format Version 9.00
# Visual Studio 2005
Project("{8BC9CEB8-8B4A-11D0-8D11-00A0C91BC942}") = "FinalExam", "FinalExam\FinalExam.vcproj", "{8F732BF4-888A-4F86-B3D3-13344990A378}"
EndProject
Global
	GlobalSection(SolutionConfigurationPlatforms) = preSolution
		Debug|Win32 = Debug|Win32
		Release|Win32 = Release|Win32
	EndGlobalSection
	GlobalSection(ProjectConfigurationPlatforms) = postSolution
		{8F732BF4-888A-4F86-B3D3-13344990A378}.Debug|Win32.ActiveCfg = Debug|Win32
		{8F732BF4-888A-4F86-B3D3-13344990A378}.Debug|Win32.Build.0 = Debug|Win32
		{8F732BF4-888A-4F86-B3D3-13344990A378}.Release|Win32.ActiveCfg = Release|Win32
		{8F732BF4-888A-4F86-B3D3-13344990A378}.Release|Win32.Build.0 = Release|Win32
	EndGlobalSection
	GlobalSection(SolutionProperties) = preSolution
		HideSolutionNode = FALSE
	EndGlobalSection
EndGlobal
